{
	"name": "1-npm",
	"version": "1.0.0",
	"lockfileVersion": 1,
	"requires": true,
	"dependencies": {
		"slugify": {
			"version": "1.4.6",
			"resolved": "https://registry.npmjs.org/slugify/-/slugify-1.4.6.tgz",
			"integrity": "sha512-ZdJIgv9gdrYwhXqxsH9pv7nXxjUEyQ6nqhngRxoAAOlmMGA28FDq5O4/5US4G2/Nod7d1ovNcgURQJ7kHq50KQ=="
		}
	}
}
